{
  "requires": true,
  "lockfileVersion": 1,
  "dependencies": {
    "chevrotain": {
      "version": "4.8.1",
      "resolved": "https://registry.npmjs.org/chevrotain/-/chevrotain-4.8.1.tgz",
      "integrity": "sha512-Dd2oHFdscdm8MSmG0ejTXdMlqKR5ryeKuwLpsf1ZOs3l8HD/jPfIY0MYs9Eh4X3gm9h0CR155zpVYFK+uAI3tA==",
      "requires": {
        "regexp-to-ast": "0.4.0"
      }
    },
    "regexp-to-ast": {
      "version": "0.4.0",
      "resolved": "https://registry.npmjs.org/regexp-to-ast/-/regexp-to-ast-0.4.0.tgz",
      "integrity": "sha512-4qf/7IsIKfSNHQXSwial1IFmfM1Cc/whNBQqRwe0V2stPe7KmN1U0tWQiIx6JiirgSrisjE0eECdNf7Tav1Ntw=="
    }
  }
}
